
Microsoft Visual Studio Solution File, Format Version 12.00
# Visual Studio Version 17
VisualStudioVersion = 17.6.33815.320
MinimumVisualStudioVersion = 10.0.40219.1
Project("{FAE04EC0-301F-11D3-BF4B-00C04F79EFBC}") = "SmartHotel.Api", "SmartHotel.Api\SmartHotel.Api.csproj", "{9C907B81-E648-40E4-A1CD-6274ABFF60B7}"
EndProject
Project("{FAE04EC0-301F-11D3-BF4B-00C04F79EFBC}") = "SmartHotel.ef", "SmartHotel.ef\SmartHotel.ef.csproj", "{2C5C3172-A7E7-4B17-BFCC-2C48746BD3F6}"
EndProject
Project("{FAE04EC0-301F-11D3-BF4B-00C04F79EFBC}") = "SmartHotel.core", "SmartHotel.core\SmartHotel.core.csproj", "{383BDAD6-B947-4AF8-8D9C-AF1E645EE0A4}"
EndProject
Global
	GlobalSection(SolutionConfigurationPlatforms) = preSolution
		Debug|Any CPU = Debug|Any CPU
		Release|Any CPU = Release|Any CPU
	EndGlobalSection
	GlobalSection(ProjectConfigurationPlatforms) = postSolution
		{9C907B81-E648-40E4-A1CD-6274ABFF60B7}.Debug|Any CPU.ActiveCfg = Debug|Any CPU
		{9C907B81-E648-40E4-A1CD-6274ABFF60B7}.Debug|Any CPU.Build.0 = Debug|Any CPU
		{9C907B81-E648-40E4-A1CD-6274ABFF60B7}.Release|Any CPU.ActiveCfg = Release|Any CPU
		{9C907B81-E648-40E4-A1CD-6274ABFF60B7}.Release|Any CPU.Build.0 = Release|Any CPU
		{2C5C3172-A7E7-4B17-BFCC-2C48746BD3F6}.Debug|Any CPU.ActiveCfg = Debug|Any CPU
		{2C5C3172-A7E7-4B17-BFCC-2C48746BD3F6}.Debug|Any CPU.Build.0 = Debug|Any CPU
		{2C5C3172-A7E7-4B17-BFCC-2C48746BD3F6}.Release|Any CPU.ActiveCfg = Release|Any CPU
		{2C5C3172-A7E7-4B17-BFCC-2C48746BD3F6}.Release|Any CPU.Build.0 = Release|Any CPU
		{383BDAD6-B947-4AF8-8D9C-AF1E645EE0A4}.Debug|Any CPU.ActiveCfg = Debug|Any CPU
		{383BDAD6-B947-4AF8-8D9C-AF1E645EE0A4}.Debug|Any CPU.Build.0 = Debug|Any CPU
		{383BDAD6-B947-4AF8-8D9C-AF1E645EE0A4}.Release|Any CPU.ActiveCfg = Release|Any CPU
		{383BDAD6-B947-4AF8-8D9C-AF1E645EE0A4}.Release|Any CPU.Build.0 = Release|Any CPU
	EndGlobalSection
	GlobalSection(SolutionProperties) = preSolution
		HideSolutionNode = FALSE
	EndGlobalSection
	GlobalSection(ExtensibilityGlobals) = postSolution
		SolutionGuid = {390A29BC-E7C5-477C-B025-819C91A8A6B2}
	EndGlobalSection
EndGlobal
